dependencies:
- name: cilium
  repository: https://helm.cilium.io/
  version: 1.20.2
- name: vso-utils
  repository: https://this-is-tobi.github.io/helm-charts
  version: 2.0.0
- name: oauth2-proxy
  repository: https://oauth2-proxy.github.io/manifests
  version: 10.7.0
digest: sha256:8e52c5dab3bee57c989b2f308af2ef97334a88ad0bde4ca239eb084cae71c023
generated: "2026-09-17T23:42:40.479389967Z"
