dependencies:
- name: cert-manager
  repository: https://charts.jetstack.io
  version: v1.20.3
- name: scaleway-certmanager-webhook
  repository: https://helm.scw.cloud
  version: 0.4.2
- name: vso-utils
  repository: https://this-is-tobi.github.io/helm-charts
  version: 2.0.0
digest: sha256:1ee94e497056c33e4bb93b5567afae687a381e1d56f72dd5a88fc3e8006e564d
generated: "2026-07-18T17:22:00.074452+02:00"
