dependencies:
- name: cert-manager
  repository: https://charts.jetstack.io
  version: v1.21.1
- name: scaleway-certmanager-webhook
  repository: https://helm.scw.cloud
  version: 0.4.3
- name: vso-utils
  repository: https://this-is-tobi.github.io/helm-charts
  version: 2.0.0
digest: sha256:3641eaf4d492e7759af249cf71e1484d88161f854e4a8261838fbc9950762cec
generated: "2026-08-17T19:00:52.775135726Z"
