dependencies:
- name: rustfs
  repository: https://charts.rustfs.com
  version: 0.3.0
- name: vso-utils
  repository: https://this-is-tobi.github.io/helm-charts
  version: 2.0.0
digest: sha256:34bc959ad7a7c025dbdfb308165ffc8c1f6384ef3f3104bdba91615c625e7ca2
generated: "2026-05-18T15:39:13.060335+02:00"
