dependencies:
- name: cloudnative-pg
  repository: https://cloudnative-pg.github.io/charts
  version: 0.29.1
- name: plugin-barman-cloud
  repository: https://cloudnative-pg.github.io/charts
  version: 0.8.0
digest: sha256:0487594060c7b95dfd644e56f118cc4aefd93b2c1569264739ca33fa188dcfa2
generated: "2026-09-23T17:18:22.085361513Z"
