dependencies:
- name: cloudnative-pg
  repository: https://cloudnative-pg.github.io/charts
  version: 0.29.0
- name: plugin-barman-cloud
  repository: https://cloudnative-pg.github.io/charts
  version: 0.8.0
digest: sha256:77ed0a97451561c231d1ac983ee6a082f6d32341a25e5ae58d919ffd1b22288a
generated: "2026-09-04T03:11:59.035848572Z"
