dependencies:
- name: vault-operator
  repository: oci://ghcr.io/bank-vaults/helm-charts
  version: 1.24.0
- name: vault-secrets-operator
  repository: https://helm.releases.hashicorp.com
  version: 1.5.1
- name: backup-utils
  repository: https://this-is-tobi.github.io/helm-charts
  version: 2.5.4
digest: sha256:4d64c519b082a2936f3d7d2304d937523b57a571a0e4630a1bdb340b04ab7b47
generated: "2026-08-21T21:24:37.664078803Z"
