dependencies:
- name: argo-workflows
  repository: https://argoproj.github.io/argo-helm
  version: 2.0.5
- name: vso-utils
  repository: https://this-is-tobi.github.io/helm-charts
  version: 2.0.0
digest: sha256:8107b9950dc29e72d5374c92729f71d5850a0caaee1a8ef5d95648358dbe06ee
generated: "2026-09-09T17:31:50.88518335Z"
