dependencies:
- name: longhorn
  repository: https://charts.longhorn.io
  version: 1.12.1
- name: vso-utils
  repository: https://this-is-tobi.github.io/helm-charts
  version: 2.0.0
- name: oauth2-proxy
  repository: https://oauth2-proxy.github.io/manifests
  version: 7.18.0
digest: sha256:3c8ad941ebb0b611b515282f2923fa96935a9f89ca68800888a36d518e152cfc
generated: "2026-08-20T20:07:26.193015217Z"
