dependencies:
- name: longhorn
  repository: https://charts.longhorn.io
  version: 1.12.0
- name: vso-utils
  repository: https://this-is-tobi.github.io/helm-charts
  version: 2.0.0
digest: sha256:288a9e14e5585a3dfc8b8fa2ae25137db05c9fd3d33236d59011ac61c1950977
generated: "2026-07-18T22:35:20.595016+02:00"
