dependencies:
- name: coder
  repository: https://helm.coder.com/v2
  version: 2.36.3
- name: cnpg-cluster
  repository: https://this-is-tobi.github.io/helm-charts
  version: 2.3.0
digest: sha256:1a6c2e12e7d7526ac64eb761a161c671842dd48374845a1996a2e553c00a619c
generated: "2026-08-25T17:12:15.55656209Z"
