dependencies:
- name: traefik
  repository: https://traefik.github.io/charts
  version: 41.5.0
- name: vso-utils
  repository: https://this-is-tobi.github.io/helm-charts
  version: 2.0.0
digest: sha256:6a1f896498360ffaf2d3d316f59b0240bce4d42c02fb7bb9acb50136478a854c
generated: "2026-09-08T00:51:48.749909146Z"
