dependencies:
- name: traefik
  repository: https://traefik.github.io/charts
  version: 41.3.0
- name: vso-utils
  repository: https://this-is-tobi.github.io/helm-charts
  version: 2.0.0
digest: sha256:459281786cff5dd1cd3e8426bafdb5b95e78713d43a4a8f20e9ce97429049ec9
generated: "2026-08-21T09:11:34.828227731Z"
