dependencies:
- name: mattermost-team-edition
  repository: https://helm.mattermost.com
  version: 6.6.95
- name: cnpg-cluster
  repository: https://this-is-tobi.github.io/helm-charts
  version: 1.7.1
- name: vso-utils
  repository: https://this-is-tobi.github.io/helm-charts
  version: 1.1.7
digest: sha256:16f0fb19fc04cf0dfd258c46b9ae4fc7d70580c6897179845596cbf1381c5a1e
generated: "2026-05-01T03:47:42.76622+02:00"
