dependencies:
- name: mattermost-team-edition
  repository: https://helm.mattermost.com
  version: 6.6.95
- name: cnpg-cluster
  repository: https://this-is-tobi.github.io/helm-charts
  version: 2.1.0
- name: vso-utils
  repository: https://this-is-tobi.github.io/helm-charts
  version: 2.0.0
digest: sha256:a554d971c25cf1497b75860c84a2a9e1ac837f5758ffdaeed5d0c512693c7131
generated: "2026-05-02T02:31:27.335527+02:00"
