dependencies:
- name: mattermost-team-edition
  repository: https://helm.mattermost.com
  version: 6.6.107
- name: cnpg-cluster
  repository: https://this-is-tobi.github.io/helm-charts
  version: 2.3.0
- name: vso-utils
  repository: https://this-is-tobi.github.io/helm-charts
  version: 2.0.0
digest: sha256:aea74ebb866222ef24e81870094de40bc6098a649bd543c0f6ee68662ec70a7b
generated: "2026-09-18T01:57:34.814426894Z"
