dependencies:
- name: apisix
  repository: https://charts.apiseven.com
  version: 2.14.0
- name: etcd
  repository: oci://registry-1.docker.io/cloudpirates
  version: 0.8.1
- name: vso-utils
  repository: https://this-is-tobi.github.io/helm-charts
  version: 2.0.0
digest: sha256:bb1485af4cc718386faedcf134aeee42add479faa2cc194b72ed5e5e2428d0ea
generated: "2026-07-04T23:22:46.544917+02:00"
