dependencies:
- name: apisix
  repository: https://charts.apiseven.com
  version: 2.17.0
- name: etcd
  repository: oci://registry-1.docker.io/cloudpirates
  version: 0.8.8
- name: vso-utils
  repository: https://this-is-tobi.github.io/helm-charts
  version: 2.0.0
digest: sha256:92f8a9a73254773f4bf8eaeb6bd7a376edc16c3121b6d6de8c2f7f07ad36594b
generated: "2026-09-08T12:30:29.982618813Z"
