dependencies:
- name: mlflow
  repository: https://community-charts.github.io/helm-charts
  version: 1.11.5
- name: cnpg-cluster
  repository: https://this-is-tobi.github.io/helm-charts
  version: 2.3.0
- name: oauth2-proxy
  repository: https://oauth2-proxy.github.io/manifests
  version: 7.18.0
- name: vso-utils
  repository: https://this-is-tobi.github.io/helm-charts
  version: 2.0.0
digest: sha256:217186283b4229f84914966f4e85262c870b5879968d8af9d4cedde52f249a89
generated: "2026-08-24T09:29:42.248606763Z"
