dependencies:
- name: mlflow
  repository: https://community-charts.github.io/helm-charts
  version: 0.16.4
- name: cnpg-cluster
  repository: https://this-is-tobi.github.io/helm-charts
  version: 2.1.0
- name: oauth2-proxy
  repository: https://oauth2-proxy.github.io/manifests
  version: 7.12.8
- name: vso-utils
  repository: https://this-is-tobi.github.io/helm-charts
  version: 2.0.0
digest: sha256:1f5a84213cee66dfde4bdbdecb260667c6aba2ac86aeb2d57fae456cf89eaf91
generated: "2026-05-02T02:31:36.168668+02:00"
