dependencies:
- name: mlflow
  repository: https://community-charts.github.io/helm-charts
  version: 1.11.7
- name: cnpg-cluster
  repository: https://this-is-tobi.github.io/helm-charts
  version: 2.3.0
- name: oauth2-proxy
  repository: https://oauth2-proxy.github.io/manifests
  version: 10.7.0
- name: vso-utils
  repository: https://this-is-tobi.github.io/helm-charts
  version: 2.0.0
digest: sha256:d4caec3f6b16a3159bd8b0fbc357db3cbffea35856317376da57a1ee90eeddcd
generated: "2026-09-06T05:54:01.784396993Z"
