dependencies:
- name: sonarqube
  repository: https://SonarSource.github.io/helm-chart-sonarqube
  version: 2026.2.1
- name: cluster
  repository: https://cloudnative-pg.github.io/charts
  version: 0.8.1
- name: vso-utils
  repository: https://this-is-tobi.github.io/helm-charts
  version: 2.1.0
digest: sha256:9dc6d621b6108fa378ca9bcc908baba532193c47c95a6ab95c6f350b8eb6077c
generated: "2026-09-28T19:27:44.990546296Z"
