dependencies:
- name: sonarqube
  repository: https://SonarSource.github.io/helm-chart-sonarqube
  version: 2026.2.1
- name: cluster
  repository: https://cloudnative-pg.github.io/charts
  version: 0.8.1
- name: vso-utils
  repository: https://this-is-tobi.github.io/helm-charts
  version: 2.0.0
digest: sha256:b7d5f30a885517a31c7e0700f8be7ff498bac2579b154754f4e320ac2db502a0
generated: "2026-09-26T15:26:00.135315+02:00"
