dependencies:
- name: harbor
  repository: https://helm.goharbor.io
  version: 1.19.2
- name: cnpg-cluster
  repository: https://this-is-tobi.github.io/helm-charts
  version: 2.3.0
- name: vso-utils
  repository: https://this-is-tobi.github.io/helm-charts
  version: 2.0.0
digest: sha256:cd418553df0cfa97fbd48358f657b84a5d5a699186f9df83277bd76ddc80d8a0
generated: "2026-08-20T14:48:37.434612554Z"
