dependencies:
- name: harbor
  repository: https://helm.goharbor.io
  version: 1.18.3
- name: cnpg-cluster
  repository: https://this-is-tobi.github.io/helm-charts
  version: 2.3.0
- name: vso-utils
  repository: https://this-is-tobi.github.io/helm-charts
  version: 2.0.0
digest: sha256:a033cc57abb58593fa33406d9e988c2ec0d015367c476adf73d8629891481e34
generated: "2026-08-20T03:02:47.881245289Z"
