dependencies:
- name: outline
  repository: https://community-charts.github.io/helm-charts
  version: 0.9.5
- name: valkey
  repository: oci://registry-1.docker.io/cloudpirates
  version: 0.25.11
- name: cluster
  repository: https://cloudnative-pg.github.io/charts
  version: 0.8.1
- name: vso-utils
  repository: https://this-is-tobi.github.io/helm-charts
  version: 2.0.0
digest: sha256:5f69f212853cc08df3f547ed93b971205d6346fd70ed1ec6e12bdc6ee7bd2db3
generated: "2026-09-26T15:33:00.580159+02:00"
