dependencies:
- name: outline
  repository: https://helm.liam.sh
  version: 1.11.0
- name: cnpg-cluster
  repository: https://this-is-tobi.github.io/helm-charts
  version: 1.7.1
- name: vso-utils
  repository: https://this-is-tobi.github.io/helm-charts
  version: 1.1.7
digest: sha256:d6cc2d226d2805d92f7cfba78d16059baff09d5a68f18d6ff7f7b33a34563ece
generated: "2026-05-01T05:14:58.155695+02:00"
