dependencies:
- name: outline
  repository: https://helm.liam.sh
  version: 2.2.2
- name: cnpg-cluster
  repository: https://this-is-tobi.github.io/helm-charts
  version: 2.3.0
- name: vso-utils
  repository: https://this-is-tobi.github.io/helm-charts
  version: 2.0.0
digest: sha256:95b473b8226699ad7da0108286fe463b45278e3df08dd2798cae3be7e3b6b07e
generated: "2026-08-25T23:00:24.642317596Z"
