dependencies:
- name: sops-secrets-operator
  repository: https://isindir.github.io/sops-secrets-operator
  version: 0.27.1
- name: vso-utils
  repository: https://this-is-tobi.github.io/helm-charts
  version: 2.0.0
digest: sha256:b4751553ab2bdbbbfdd70eb9adb191304fb3dc723eb95042c8d42e669b9e6c4f
generated: "2026-05-26T21:44:38.226931+02:00"
