dependencies:
- name: sops-secrets-operator
  repository: https://isindir.github.io/sops-secrets-operator
  version: 0.28.1
- name: vso-utils
  repository: https://this-is-tobi.github.io/helm-charts
  version: 2.1.0
digest: sha256:0a4b1286dc818296869eea6532d972e26953a745b7887a59f33ba216b9ab4316
generated: "2026-09-28T19:28:05.920181814Z"
