dependencies:
- name: sops-secrets-operator
  repository: https://isindir.github.io/sops-secrets-operator
  version: 0.26.0
- name: vso-utils
  repository: https://this-is-tobi.github.io/helm-charts
  version: 2.0.0
digest: sha256:62bf8acc7345c7df79cc111850b281f20342b99764ec0035677c2d032e5ac5c9
generated: "2026-05-02T02:32:18.780346+02:00"
