dependencies:
- name: gha-runner-scale-set-controller
  repository: oci://ghcr.io/actions/actions-runner-controller-charts
  version: 0.12.1
- name: gha-runner-scale-set
  repository: oci://ghcr.io/actions/actions-runner-controller-charts
  version: 0.12.1
- name: gha-runner-scale-set
  repository: oci://ghcr.io/actions/actions-runner-controller-charts
  version: 0.12.1
digest: sha256:d826d7eca6f382f94a19258729406a553d4c86fa3251f133584a2f1f85cce228
generated: "2025-07-09T21:52:48.813292+02:00"
