dependencies:
- name: kube-prometheus-stack
  repository: oci://ghcr.io/prometheus-community/charts
  version: 91.7.0
- name: vso-utils
  repository: https://this-is-tobi.github.io/helm-charts
  version: 2.0.0
- name: cnpg-cluster
  repository: https://this-is-tobi.github.io/helm-charts
  version: 2.3.0
- name: loki
  repository: https://grafana-community.github.io/helm-charts
  version: 18.13.5
- name: alloy
  repository: https://grafana.github.io/helm-charts
  version: 1.13.0
digest: sha256:478d4c393fe8cb7e3471d24bbb924bb253c515851282a38c57b408d812a4b925
generated: "2026-09-26T10:30:43.731382017Z"
