dependencies:
- name: kube-prometheus-stack
  repository: oci://ghcr.io/prometheus-community/charts
  version: 91.4.1
- name: vso-utils
  repository: https://this-is-tobi.github.io/helm-charts
  version: 2.0.0
- name: cnpg-cluster
  repository: https://this-is-tobi.github.io/helm-charts
  version: 2.3.0
- name: loki
  repository: https://grafana-community.github.io/helm-charts
  version: 18.13.2
- name: alloy
  repository: https://grafana.github.io/helm-charts
  version: 1.12.1
digest: sha256:bd31b3ee280f066a84d24406b0785ecb5966fcf5675b187b4bba410b7ad35761
generated: "2026-09-17T18:33:24.506115498Z"
