dependencies:
- name: kube-prometheus-stack
  repository: oci://ghcr.io/prometheus-community/charts
  version: 91.2.0
- name: vso-utils
  repository: https://this-is-tobi.github.io/helm-charts
  version: 2.0.0
- name: cnpg-cluster
  repository: https://this-is-tobi.github.io/helm-charts
  version: 2.3.0
- name: loki
  repository: https://grafana-community.github.io/helm-charts
  version: 18.13.1
- name: alloy
  repository: https://grafana.github.io/helm-charts
  version: 1.12.1
digest: sha256:dc27f6accdf6d405c52b41cf66170922a60123ed12e7c13065bae86dcd1e762f
generated: "2026-09-15T11:14:34.197629923Z"
