dependencies:
- name: crowdsec
  repository: https://crowdsecurity.github.io/helm-charts
  version: 0.24.2
- name: cnpg-cluster
  repository: https://this-is-tobi.github.io/helm-charts
  version: 2.3.0
- name: vso-utils
  repository: https://this-is-tobi.github.io/helm-charts
  version: 2.0.0
digest: sha256:ddd360d1c56c8cc5839fd8ca726d9371d7f0dde90441f33fa31b0cc75011eb36
generated: "2026-09-04T16:47:07.671573209Z"
