dependencies:
- name: crowdsec
  repository: https://crowdsecurity.github.io/helm-charts
  version: 0.24.2
- name: cluster
  repository: https://cloudnative-pg.github.io/charts
  version: 0.8.1
- name: vso-utils
  repository: https://this-is-tobi.github.io/helm-charts
  version: 2.1.0
digest: sha256:715050105f91d0f754d75b0e85be637f0294ee28c8ed6a7a7b4f582cda0c507e
generated: "2026-09-28T19:24:48.192173447Z"
