dependencies:
- name: gitea
  repository: https://dl.gitea.com/charts
  version: 12.7.0
- name: valkey
  repository: oci://ghcr.io/cloudpirates-io/helm-charts
  version: 0.25.13
- name: cluster
  repository: https://cloudnative-pg.github.io/charts
  version: 0.9.0
- name: vso-utils
  repository: https://this-is-tobi.github.io/helm-charts
  version: 2.1.0
digest: sha256:6b3df892bfe1836d6fe6f7d415f9937d6ed791219856846a288671da8f2702e0
generated: "2026-10-09T22:59:12.366131+02:00"
