dependencies:
- name: gitea
  repository: https://dl.gitea.com/charts
  version: 12.6.0
- name: valkey
  repository: oci://registry-1.docker.io/cloudpirates
  version: 0.20.0
- name: cnpg-cluster
  repository: https://this-is-tobi.github.io/helm-charts
  version: 2.1.0
- name: vso-utils
  repository: https://this-is-tobi.github.io/helm-charts
  version: 2.0.0
digest: sha256:09ac7ad569f485b50726a6ebacecd66192ecc4783b1a64c0622ea520ad0c8f4e
generated: "2026-06-10T22:53:56.005129+02:00"
