dependencies:
- name: gitea
  repository: https://dl.gitea.com/charts
  version: 12.7.0
- name: valkey
  repository: oci://registry-1.docker.io/cloudpirates
  version: 0.25.11
- name: cluster
  repository: https://cloudnative-pg.github.io/charts
  version: 0.9.0
- name: vso-utils
  repository: https://this-is-tobi.github.io/helm-charts
  version: 2.1.0
digest: sha256:2678bc43ec9b209679fbe7732fe752c73d89f1186bf5ca5152dca421ea516c26
generated: "2026-10-02T02:08:52.310123554Z"
