dependencies:
- name: keycloak
  repository: oci://registry-1.docker.io/cloudpirates
  version: 0.21.45
- name: keycloak-config-cli
  repository: https://jkroepke.github.io/helm-charts
  version: 1.3.8
- name: cluster
  repository: https://cloudnative-pg.github.io/charts
  version: 0.9.0
- name: vso-utils
  repository: https://this-is-tobi.github.io/helm-charts
  version: 2.1.0
digest: sha256:7eb4157ea6656fffc4f47a789e63e9543686de98c1ebd1c25f978d9d74c7879e
generated: "2026-10-05T15:13:04.539208994Z"
