dependencies:
- name: keycloak
  repository: oci://registry-1.docker.io/cloudpirates
  version: 0.21.9
- name: keycloak-config-cli
  repository: https://jkroepke.github.io/helm-charts
  version: 1.3.3
- name: cnpg-cluster
  repository: https://this-is-tobi.github.io/helm-charts
  version: 2.1.0
- name: vso-utils
  repository: https://this-is-tobi.github.io/helm-charts
  version: 2.0.0
digest: sha256:76a093d5782bcd35ab03d86f19262f0e1e112ceb0cadd2e97e0a65600a989751
generated: "2026-05-26T21:46:36.878309+02:00"
