dependencies:
- name: keycloak
  repository: oci://registry-1.docker.io/cloudpirates
  version: 0.21.41
- name: keycloak-config-cli
  repository: https://jkroepke.github.io/helm-charts
  version: 1.3.8
- name: cluster
  repository: https://cloudnative-pg.github.io/charts
  version: 0.8.1
- name: vso-utils
  repository: https://this-is-tobi.github.io/helm-charts
  version: 2.0.0
digest: sha256:27cb49d8bb9700139051752e3d69824274e38df3187e651295119bf52b4ea748
generated: "2026-09-26T15:32:28.389951+02:00"
