dependencies:
- name: argo-cd
  repository: https://argoproj.github.io/argo-helm
  version: 10.7.0
- name: vso-utils
  repository: https://this-is-tobi.github.io/helm-charts
  version: 2.0.0
digest: sha256:b4b7f9a500d9ba61d65f664dec898895c72b9fddfa78c75eb1b7edd84d6f225f
generated: "2026-09-02T23:09:21.550722827Z"
