dependencies:
- name: vaultwarden
  repository: https://guerzon.github.io/vaultwarden
  version: 0.36.3
- name: vso-utils
  repository: https://this-is-tobi.github.io/helm-charts
  version: 1.1.7
digest: sha256:04695a85f1d842402b63c85943bddd3cd07769454b80d872421314961a16d5fa
generated: "2026-05-01T23:37:41.433996+02:00"
