dependencies:
- name: argo-cd
  repository: https://argoproj.github.io/argo-helm
  version: 10.4.2
- name: vso-utils
  repository: https://this-is-tobi.github.io/helm-charts
  version: 2.0.0
digest: sha256:98095f63d3761f4dbdf501cb6462c2db676af9f935f36f1fb149e582eb0df6eb
generated: "2026-08-29T13:05:15.085573932Z"
