dependencies:
- name: argo-cd
  repository: https://argoproj.github.io/argo-helm
  version: 10.5.0
- name: vso-utils
  repository: https://this-is-tobi.github.io/helm-charts
  version: 2.0.0
digest: sha256:6ca3bf800072fa490c4994af610e31a356ad48bff022225fb06e0b385e3582c5
generated: "2026-08-31T21:37:22.61967132Z"
